{
  "name": "loteca-mat-2",
  "lockfileVersion": 2,
  "requires": true,
  "packages": {
    "": {
      "dependencies": {
        "workbox-precaching": "^6.5.2"
      }
    },
    "node_modules/workbox-core": {
      "version": "6.5.2",
      "resolved": "https://registry.npmjs.org/workbox-core/-/workbox-core-6.5.2.tgz",
      "integrity": "sha512-IlxLGQf+wJHCR+NM0UWqDh4xe/Gu6sg2i4tfZk6WIij34IVk9BdOQgi6WvqSHd879jbQIUgL2fBdJUJyAP5ypQ=="
    },
    "node_modules/workbox-precaching": {
      "version": "6.5.2",
      "resolved": "https://registry.npmjs.org/workbox-precaching/-/workbox-precaching-6.5.2.tgz",
      "integrity": "sha512-OZAlQ8AAT20KugGKKuJMHdQ8X1IyNQaLv+mPTHj+8Dmv8peBq5uWNzs4g/1OSFmXsbXZ6a1CBC6YtQWVPhJQ9w==",
      "dependencies": {
        "workbox-core": "6.5.2",
        "workbox-routing": "6.5.2",
        "workbox-strategies": "6.5.2"
      }
    },
    "node_modules/workbox-routing": {
      "version": "6.5.2",
      "resolved": "https://registry.npmjs.org/workbox-routing/-/workbox-routing-6.5.2.tgz",
      "integrity": "sha512-nR1w5PjF6IVwo0SX3oE88LhmGFmTnqqU7zpGJQQPZiKJfEKgDENQIM9mh3L1ksdFd9Y3CZVkusopHfxQvit/BA==",
      "dependencies": {
        "workbox-core": "6.5.2"
      }
    },
    "node_modules/workbox-strategies": {
      "version": "6.5.2",
      "resolved": "https://registry.npmjs.org/workbox-strategies/-/workbox-strategies-6.5.2.tgz",
      "integrity": "sha512-fgbwaUMxbG39BHjJIs2y2X21C0bmf1Oq3vMQxJ1hr6y5JMJIm8rvKCcf1EIdAr+PjKdSk4ddmgyBQ4oO8be4Uw==",
      "dependencies": {
        "workbox-core": "6.5.2"
      }
    }
  },
  "dependencies": {
    "workbox-core": {
      "version": "6.5.2",
      "resolved": "https://registry.npmjs.org/workbox-core/-/workbox-core-6.5.2.tgz",
      "integrity": "sha512-IlxLGQf+wJHCR+NM0UWqDh4xe/Gu6sg2i4tfZk6WIij34IVk9BdOQgi6WvqSHd879jbQIUgL2fBdJUJyAP5ypQ=="
    },
    "workbox-precaching": {
      "version": "6.5.2",
      "resolved": "https://registry.npmjs.org/workbox-precaching/-/workbox-precaching-6.5.2.tgz",
      "integrity": "sha512-OZAlQ8AAT20KugGKKuJMHdQ8X1IyNQaLv+mPTHj+8Dmv8peBq5uWNzs4g/1OSFmXsbXZ6a1CBC6YtQWVPhJQ9w==",
      "requires": {
        "workbox-core": "6.5.2",
        "workbox-routing": "6.5.2",
        "workbox-strategies": "6.5.2"
      }
    },
    "workbox-routing": {
      "version": "6.5.2",
      "resolved": "https://registry.npmjs.org/workbox-routing/-/workbox-routing-6.5.2.tgz",
      "integrity": "sha512-nR1w5PjF6IVwo0SX3oE88LhmGFmTnqqU7zpGJQQPZiKJfEKgDENQIM9mh3L1ksdFd9Y3CZVkusopHfxQvit/BA==",
      "requires": {
        "workbox-core": "6.5.2"
      }
    },
    "workbox-strategies": {
      "version": "6.5.2",
      "resolved": "https://registry.npmjs.org/workbox-strategies/-/workbox-strategies-6.5.2.tgz",
      "integrity": "sha512-fgbwaUMxbG39BHjJIs2y2X21C0bmf1Oq3vMQxJ1hr6y5JMJIm8rvKCcf1EIdAr+PjKdSk4ddmgyBQ4oO8be4Uw==",
      "requires": {
        "workbox-core": "6.5.2"
      }
    }
  }
}
